// !$*UTF8*$!
{
	archiveVersion = 1;
	classes = {
	};
	objectVersion = 50;
	objects = {

/* Begin PBXBuildFile section */
		838A65AA247D231F009F2D4D /* AddRecordVC.swift in Sources */ = {isa = PBXBuildFile; fileRef = 838A65A9247D231F009F2D4D /* AddRecordVC.swift */; };
		838A65AC247D232E009F2D4D /* UpdateRecordVC.swift in Sources */ = {isa = PBXBuildFile; fileRef = 838A65AB247D232E009F2D4D /* UpdateRecordVC.swift */; };
		83F4BFAD247437420012D012 /* AppDelegate.swift in Sources */ = {isa = PBXBuildFile; fileRef = 83F4BFAC247437420012D012 /* AppDelegate.swift */; };
		83F4BFAF247437420012D012 /* SceneDelegate.swift in Sources */ = {isa = PBXBuildFile; fileRef = 83F4BFAE247437420012D012 /* SceneDelegate.swift */; };
		83F4BFB1247437420012D012 /* MainVC.swift in Sources */ = {isa = PBXBuildFile; fileRef = 83F4BFB0247437420012D012 /* MainVC.swift */; };
		83F4BFB4247437420012D012 /* Main.storyboard in Resources */ = {isa = PBXBuildFile; fileRef = 83F4BFB2247437420012D012 /* Main.storyboard */; };
		83F4BFB9247437440012D012 /* Assets.xcassets in Resources */ = {isa = PBXBuildFile; fileRef = 83F4BFB8247437440012D012 /* Assets.xcassets */; };
		83F4BFBC247437440012D012 /* LaunchScreen.storyboard in Resources */ = {isa = PBXBuildFile; fileRef = 83F4BFBA247437440012D012 /* LaunchScreen.storyboard */; };
		83F4BFCA2474390E0012D012 /* StudentCoreData.xcdatamodeld in Sources */ = {isa = PBXBuildFile; fileRef = 83F4BFC82474390E0012D012 /* StudentCoreData.xcdatamodeld */; };
		83F4BFD0247442BC0012D012 /* Student.swift in Sources */ = {isa = PBXBuildFile; fileRef = 83F4BFCE247442BC0012D012 /* Student.swift */; };
		83F4BFD1247442BC0012D012 /* Student+CoreDataProperties.swift in Sources */ = {isa = PBXBuildFile; fileRef = 83F4BFCF247442BC0012D012 /* Student+CoreDataProperties.swift */; };
/* End PBXBuildFile section */

/* Begin PBXFileReference section */
		838A65A9247D231F009F2D4D /* AddRecordVC.swift */ = {isa = PBXFileReference; lastKnownFileType = sourcecode.swift; path = AddRecordVC.swift; sourceTree = "<group>"; };
		838A65AB247D232E009F2D4D /* UpdateRecordVC.swift */ = {isa = PBXFileReference; lastKnownFileType = sourcecode.swift; path = UpdateRecordVC.swift; sourceTree = "<group>"; };
		83F4BFA9247437420012D012 /* MetehanKARA_HW3.app */ = {isa = PBXFileReference; explicitFileType = wrapper.application; includeInIndex = 0; path = MetehanKARA_HW3.app; sourceTree = BUILT_PRODUCTS_DIR; };
		83F4BFAC247437420012D012 /* AppDelegate.swift */ = {isa = PBXFileReference; lastKnownFileType = sourcecode.swift; path = AppDelegate.swift; sourceTree = "<group>"; };
		83F4BFAE247437420012D012 /* SceneDelegate.swift */ = {isa = PBXFileReference; lastKnownFileType = sourcecode.swift; path = SceneDelegate.swift; sourceTree = "<group>"; };
		83F4BFB0247437420012D012 /* MainVC.swift */ = {isa = PBXFileReference; lastKnownFileType = sourcecode.swift; path = MainVC.swift; sourceTree = "<group>"; };
		83F4BFB3247437420012D012 /* Base */ = {isa = PBXFileReference; lastKnownFileType = file.storyboard; name = Base; path = Base.lproj/Main.storyboard; sourceTree = "<group>"; };
		83F4BFB8247437440012D012 /* Assets.xcassets */ = {isa = PBXFileReference; lastKnownFileType = folder.assetcatalog; path = Assets.xcassets; sourceTree = "<group>"; };
		83F4BFBB247437440012D012 /* Base */ = {isa = PBXFileReference; lastKnownFileType = file.storyboard; name = Base; path = Base.lproj/LaunchScreen.storyboard; sourceTree = "<group>"; };
		83F4BFBD247437440012D012 /* Info.plist */ = {isa = PBXFileReference; lastKnownFileType = text.plist.xml; path = Info.plist; sourceTree = "<group>"; };
		83F4BFC92474390E0012D012 /* StudentCoreData.xcdatamodel */ = {isa = PBXFileReference; lastKnownFileType = wrapper.xcdatamodel; path = StudentCoreData.xcdatamodel; sourceTree = "<group>"; };
		83F4BFCE247442BC0012D012 /* Student.swift */ = {isa = PBXFileReference; fileEncoding = 4; lastKnownFileType = sourcecode.swift; path = Student.swift; sourceTree = "<group>"; };
		83F4BFCF247442BC0012D012 /* Student+CoreDataProperties.swift */ = {isa = PBXFileReference; fileEncoding = 4; lastKnownFileType = sourcecode.swift; path = "Student+CoreDataProperties.swift"; sourceTree = "<group>"; };
/* End PBXFileReference section */

/* Begin PBXFrameworksBuildPhase section */
		83F4BFA6247437420012D012 /* Frameworks */ = {
			isa = PBXFrameworksBuildPhase;
			buildActionMask = 2147483647;
			files = (
			);
			runOnlyForDeploymentPostprocessing = 0;
		};
/* End PBXFrameworksBuildPhase section */

/* Begin PBXGroup section */
		83F4BFA0247437420012D012 = {
			isa = PBXGroup;
			children = (
				83F4BFCE247442BC0012D012 /* Student.swift */,
				83F4BFCF247442BC0012D012 /* Student+CoreDataProperties.swift */,
				83F4BFAB247437420012D012 /* MetehanKARA_HW3 */,
				83F4BFAA247437420012D012 /* Products */,
			);
			sourceTree = "<group>";
		};
		83F4BFAA247437420012D012 /* Products */ = {
			isa = PBXGroup;
			children = (
				83F4BFA9247437420012D012 /* MetehanKARA_HW3.app */,
			);
			name = Products;
			sourceTree = "<group>";
		};
		83F4BFAB247437420012D012 /* MetehanKARA_HW3 */ = {
			isa = PBXGroup;
			children = (
				83F4BFAC247437420012D012 /* AppDelegate.swift */,
				83F4BFAE247437420012D012 /* SceneDelegate.swift */,
				83F4BFCB247439120012D012 /* Model */,
				83F4BFC4247437F20012D012 /* Controllers */,
				83F4BFC3247437C30012D012 /* Views */,
				83F4BFB8247437440012D012 /* Assets.xcassets */,
				83F4BFBA247437440012D012 /* LaunchScreen.storyboard */,
				83F4BFBD247437440012D012 /* Info.plist */,
			);
			path = MetehanKARA_HW3;
			sourceTree = "<group>";
		};
		83F4BFC3247437C30012D012 /* Views */ = {
			isa = PBXGroup;
			children = (
				83F4BFB2247437420012D012 /* Main.storyboard */,
			);
			path = Views;
			sourceTree = "<group>";
		};
		83F4BFC4247437F20012D012 /* Controllers */ = {
			isa = PBXGroup;
			children = (
				83F4BFB0247437420012D012 /* MainVC.swift */,
				838A65A9247D231F009F2D4D /* AddRecordVC.swift */,
				838A65AB247D232E009F2D4D /* UpdateRecordVC.swift */,
			);
			path = Controllers;
			sourceTree = "<group>";
		};
		83F4BFCB247439120012D012 /* Model */ = {
			isa = PBXGroup;
			children = (
				83F4BFC82474390E0012D012 /* StudentCoreData.xcdatamodeld */,
			);
			path = Model;
			sourceTree = "<group>";
		};
/* End PBXGroup section */

/* Begin PBXNativeTarget section */
		83F4BFA8247437420012D012 /* MetehanKARA_HW3 */ = {
			isa = PBXNativeTarget;
			buildConfigurationList = 83F4BFC0247437440012D012 /* Build configuration list for PBXNativeTarget "MetehanKARA_HW3" */;
			buildPhases = (
				83F4BFA5247437420012D012 /* Sources */,
				83F4BFA6247437420012D012 /* Frameworks */,
				83F4BFA7247437420012D012 /* Resources */,
			);
			buildRules = (
			);
			dependencies = (
			);
			name = MetehanKARA_HW3;
			productName = MetehanKARA_HW3;
			productReference = 83F4BFA9247437420012D012 /* MetehanKARA_HW3.app */;
			productType = "com.apple.product-type.application";
		};
/* End PBXNativeTarget section */

/* Begin PBXProject section */
		83F4BFA1247437420012D012 /* Project object */ = {
			isa = PBXProject;
			attributes = {
				LastSwiftUpdateCheck = 1140;
				LastUpgradeCheck = 1140;
				ORGANIZATIONNAME = "Metehan kara";
				TargetAttributes = {
					83F4BFA8247437420012D012 = {
						CreatedOnToolsVersion = 11.4.1;
					};
				};
			};
			buildConfigurationList = 83F4BFA4247437420012D012 /* Build configuration list for PBXProject "MetehanKARA_HW3" */;
			compatibilityVersion = "Xcode 9.3";
			developmentRegion = en;
			hasScannedForEncodings = 0;
			knownRegions = (
				en,
				Base,
			);
			mainGroup = 83F4BFA0247437420012D012;
			productRefGroup = 83F4BFAA247437420012D012 /* Products */;
			projectDirPath = "";
			projectRoot = "";
			targets = (
				83F4BFA8247437420012D012 /* MetehanKARA_HW3 */,
			);
		};
/* End PBXProject section */

/* Begin PBXResourcesBuildPhase section */
		83F4BFA7247437420012D012 /* Resources */ = {
			isa = PBXResourcesBuildPhase;
			buildActionMask = 2147483647;
			files = (
				83F4BFBC247437440012D012 /* LaunchScreen.storyboard in Resources */,
				83F4BFB9247437440012D012 /* Assets.xcassets in Resources */,
				83F4BFB4247437420012D012 /* Main.storyboard in Resources */,
			);
			runOnlyForDeploymentPostprocessing = 0;
		};
/* End PBXResourcesBuildPhase section */

/* Begin PBXSourcesBuildPhase section */
		83F4BFA5247437420012D012 /* Sources */ = {
			isa = PBXSourcesBuildPhase;
			buildActionMask = 2147483647;
			files = (
				838A65AA247D231F009F2D4D /* AddRecordVC.swift in Sources */,
				83F4BFB1247437420012D012 /* MainVC.swift in Sources */,
				838A65AC247D232E009F2D4D /* UpdateRecordVC.swift in Sources */,
				83F4BFD0247442BC0012D012 /* Student.swift in Sources */,
				83F4BFAD247437420012D012 /* AppDelegate.swift in Sources */,
				83F4BFCA2474390E0012D012 /* StudentCoreData.xcdatamodeld in Sources */,
				83F4BFAF247437420012D012 /* SceneDelegate.swift in Sources */,
				83F4BFD1247442BC0012D012 /* Student+CoreDataProperties.swift in Sources */,
			);
			runOnlyForDeploymentPostprocessing = 0;
		};
/* End PBXSourcesBuildPhase section */

/* Begin PBXVariantGroup section */
		83F4BFB2247437420012D012 /* Main.storyboard */ = {
			isa = PBXVariantGroup;
			children = (
				83F4BFB3247437420012D012 /* Base */,
			);
			name = Main.storyboard;
			sourceTree = "<group>";
		};
		83F4BFBA247437440012D012 /* LaunchScreen.storyboard */ = {
			isa = PBXVariantGroup;
			children = (
				83F4BFBB247437440012D012 /* Base */,
			);
			name = LaunchScreen.storyboard;
			sourceTree = "<group>";
		};
/* End PBXVariantGroup section */

/* Begin XCBuildConfiguration section */
		83F4BFBE247437440012D012 /* Debug */ = {
			isa = XCBuildConfiguration;
			buildSettings = {
				ALWAYS_SEARCH_USER_PATHS = NO;
				CLANG_ANALYZER_NONNULL = YES;
				CLANG_ANALYZER_NUMBER_OBJECT_CONVERSION = YES_AGGRESSIVE;
				CLANG_CXX_LANGUAGE_STANDARD = "gnu++14";
				CLANG_CXX_LIBRARY = "libc++";
				CLANG_ENABLE_MODULES = YES;
				CLANG_ENABLE_OBJC_ARC = YES;
				CLANG_ENABLE_OBJC_WEAK = YES;
				CLANG_WARN_BLOCK_CAPTURE_AUTORELEASING = YES;
				CLANG_WARN_BOOL_CONVERSION = YES;
				CLANG_WARN_COMMA = YES;
				CLANG_WARN_CONSTANT_CONVERSION = YES;
				CLANG_WARN_DEPRECATED_OBJC_IMPLEMENTATIONS = YES;
				CLANG_WARN_DIRECT_OBJC_ISA_USAGE = YES_ERROR;
				CLANG_WARN_DOCUMENTATION_COMMENTS = YES;
				CLANG_WARN_EMPTY_BODY = YES;
				CLANG_WARN_ENUM_CONVERSION = YES;
				CLANG_WARN_INFINITE_RECURSION = YES;
				CLANG_WARN_INT_CONVERSION = YES;
				CLANG_WARN_NON_LITERAL_NULL_CONVERSION = YES;
				CLANG_WARN_OBJC_IMPLICIT_RETAIN_SELF = YES;
				CLANG_WARN_OBJC_LITERAL_CONVERSION = YES;
				CLANG_WARN_OBJC_ROOT_CLASS = YES_ERROR;
				CLANG_WARN_RANGE_LOOP_ANALYSIS = YES;
				CLANG_WARN_STRICT_PROTOTYPES = YES;
				CLANG_WARN_SUSPICIOUS_MOVE = YES;
				CLANG_WARN_UNGUARDED_AVAILABILITY = YES_AGGRESSIVE;
				CLANG_WARN_UNREACHABLE_CODE = YES;
				CLANG_WARN__DUPLICATE_METHOD_MATCH = YES;
				COPY_PHASE_STRIP = NO;
				DEBUG_INFORMATION_FORMAT = dwarf;
				ENABLE_STRICT_OBJC_MSGSEND = YES;
				ENABLE_TESTABILITY = YES;
				GCC_C_LANGUAGE_STANDARD = gnu11;
				GCC_DYNAMIC_NO_PIC = NO;
				GCC_NO_COMMON_BLOCKS = YES;
				GCC_OPTIMIZATION_LEVEL = 0;
				GCC_PREPROCESSOR_DEFINITIONS = (
					"DEBUG=1",
					"$(inherited)",
				);
				GCC_WARN_64_TO_32_BIT_CONVERSION = YES;
				GCC_WARN_ABOUT_RETURN_TYPE = YES_ERROR;
				GCC_WARN_UNDECLARED_SELECTOR = YES;
				GCC_WARN_UNINITIALIZED_AUTOS = YES_AGGRESSIVE;
				GCC_WARN_UNUSED_FUNCTION = YES;
				GCC_WARN_UNUSED_VARIABLE = YES;
				IPHONEOS_DEPLOYMENT_TARGET = 13.4;
				MTL_ENABLE_DEBUG_INFO = INCLUDE_SOURCE;
				MTL_FAST_MATH = YES;
				ONLY_ACTIVE_ARCH = YES;
				SDKROOT = iphoneos;
				SWIFT_ACTIVE_COMPILATION_CONDITIONS = DEBUG;
				SWIFT_OPTIMIZATION_LEVEL = "-Onone";
			};
			name = Debug;
		};
		83F4BFBF247437440012D012 /* Release */ = {
			isa = XCBuildConfiguration;
			buildSettings = {
				ALWAYS_SEARCH_USER_PATHS = NO;
				CLANG_ANALYZER_NONNULL = YES;
				CLANG_ANALYZER_NUMBER_OBJECT_CONVERSION = YES_AGGRESSIVE;
				CLANG_CXX_LANGUAGE_STANDARD = "gnu++14";
				CLANG_CXX_LIBRARY = "libc++";
				CLANG_ENABLE_MODULES = YES;
				CLANG_ENABLE_OBJC_ARC = YES;
				CLANG_ENABLE_OBJC_WEAK = YES;
				CLANG_WARN_BLOCK_CAPTURE_AUTORELEASING = YES;
				CLANG_WARN_BOOL_CONVERSION = YES;
				CLANG_WARN_COMMA = YES;
				CLANG_WARN_CONSTANT_CONVERSION = YES;
				CLANG_WARN_DEPRECATED_OBJC_IMPLEMENTATIONS = YES;
				CLANG_WARN_DIRECT_OBJC_ISA_USAGE = YES_ERROR;
				CLANG_WARN_DOCUMENTATION_COMMENTS = YES;
				CLANG_WARN_EMPTY_BODY = YES;
				CLANG_WARN_ENUM_CONVERSION = YES;
				CLANG_WARN_INFINITE_RECURSION = YES;
				CLANG_WARN_INT_CONVERSION = YES;
				CLANG_WARN_NON_LITERAL_NULL_CONVERSION = YES;
				CLANG_WARN_OBJC_IMPLICIT_RETAIN_SELF = YES;
				CLANG_WARN_OBJC_LITERAL_CONVERSION = YES;
				CLANG_WARN_OBJC_ROOT_CLASS = YES_ERROR;
				CLANG_WARN_RANGE_LOOP_ANALYSIS = YES;
				CLANG_WARN_STRICT_PROTOTYPES = YES;
				CLANG_WARN_SUSPICIOUS_MOVE = YES;
				CLANG_WARN_UNGUARDED_AVAILABILITY = YES_AGGRESSIVE;
				CLANG_WARN_UNREACHABLE_CODE = YES;
				CLANG_WARN__DUPLICATE_METHOD_MATCH = YES;
				COPY_PHASE_STRIP = NO;
				DEBUG_INFORMATION_FORMAT = "dwarf-with-dsym";
				ENABLE_NS_ASSERTIONS = NO;
				ENABLE_STRICT_OBJC_MSGSEND = YES;
				GCC_C_LANGUAGE_STANDARD = gnu11;
				GCC_NO_COMMON_BLOCKS = YES;
				GCC_WARN_64_TO_32_BIT_CONVERSION = YES;
				GCC_WARN_ABOUT_RETURN_TYPE = YES_ERROR;
				GCC_WARN_UNDECLARED_SELECTOR = YES;
				GCC_WARN_UNINITIALIZED_AUTOS = YES_AGGRESSIVE;
				GCC_WARN_UNUSED_FUNCTION = YES;
				GCC_WARN_UNUSED_VARIABLE = YES;
				IPHONEOS_DEPLOYMENT_TARGET = 13.4;
				MTL_ENABLE_DEBUG_INFO = NO;
				MTL_FAST_MATH = YES;
				SDKROOT = iphoneos;
				SWIFT_COMPILATION_MODE = wholemodule;
				SWIFT_OPTIMIZATION_LEVEL = "-O";
				VALIDATE_PRODUCT = YES;
			};
			name = Release;
		};
		83F4BFC1247437440012D012 /* Debug */ = {
			isa = XCBuildConfiguration;
			buildSettings = {
				ASSETCATALOG_COMPILER_APPICON_NAME = AppIcon;
				CODE_SIGN_STYLE = Automatic;
				INFOPLIST_FILE = MetehanKARA_HW3/Info.plist;
				LD_RUNPATH_SEARCH_PATHS = (
					"$(inherited)",
					"@executable_path/Frameworks",
				);
				PRODUCT_BUNDLE_IDENTIFIER = "com.kara.MetehanKARA-HW3";
				PRODUCT_NAME = "$(TARGET_NAME)";
				SWIFT_VERSION = 5.0;
				TARGETED_DEVICE_FAMILY = "1,2";
			};
			name = Debug;
		};
		83F4BFC2247437440012D012 /* Release */ = {
			isa = XCBuildConfiguration;
			buildSettings = {
				ASSETCATALOG_COMPILER_APPICON_NAME = AppIcon;
				CODE_SIGN_STYLE = Automatic;
				INFOPLIST_FILE = MetehanKARA_HW3/Info.plist;
				LD_RUNPATH_SEARCH_PATHS = (
					"$(inherited)",
					"@executable_path/Frameworks",
				);
				PRODUCT_BUNDLE_IDENTIFIER = "com.kara.MetehanKARA-HW3";
				PRODUCT_NAME = "$(TARGET_NAME)";
				SWIFT_VERSION = 5.0;
				TARGETED_DEVICE_FAMILY = "1,2";
			};
			name = Release;
		};
/* End XCBuildConfiguration section */

/* Begin XCConfigurationList section */
		83F4BFA4247437420012D012 /* Build configuration list for PBXProject "MetehanKARA_HW3" */ = {
			isa = XCConfigurationList;
			buildConfigurations = (
				83F4BFBE247437440012D012 /* Debug */,
				83F4BFBF247437440012D012 /* Release */,
			);
			defaultConfigurationIsVisible = 0;
			defaultConfigurationName = Release;
		};
		83F4BFC0247437440012D012 /* Build configuration list for PBXNativeTarget "MetehanKARA_HW3" */ = {
			isa = XCConfigurationList;
			buildConfigurations = (
				83F4BFC1247437440012D012 /* Debug */,
				83F4BFC2247437440012D012 /* Release */,
			);
			defaultConfigurationIsVisible = 0;
			defaultConfigurationName = Release;
		};
/* End XCConfigurationList section */

/* Begin XCVersionGroup section */
		83F4BFC82474390E0012D012 /* StudentCoreData.xcdatamodeld */ = {
			isa = XCVersionGroup;
			children = (
				83F4BFC92474390E0012D012 /* StudentCoreData.xcdatamodel */,
			);
			currentVersion = 83F4BFC92474390E0012D012 /* StudentCoreData.xcdatamodel */;
			path = StudentCoreData.xcdatamodeld;
			sourceTree = "<group>";
			versionGroupType = wrapper.xcdatamodel;
		};
/* End XCVersionGroup section */
	};
	rootObject = 83F4BFA1247437420012D012 /* Project object */;
}
